// !$*UTF8*$!
{
	archiveVersion = 1;
	classes = {
	};
	objectVersion = 77;
	objects = {

/* Begin PBXBuildFile section */
		3FF29DEF2EAFB64A00522B23 /* SnapshotTesting in Frameworks */ = {isa = PBXBuildFile; productRef = 3FF29DEE2EAFB64A00522B23 /* SnapshotTesting */; };
		3FF29F0D2EAFC5D800522B23 /* WaitWhile in Frameworks */ = {isa = PBXBuildFile; productRef = 3FF29F0C2EAFC5D800522B23 /* WaitWhile */; };
/* End PBXBuildFile section */

/* Begin PBXContainerItemProxy section */
		3F5458C72EAE6A40008C7A12 /* PBXContainerItemProxy */ = {
			isa = PBXContainerItemProxy;
			containerPortal = 3F54577F2EAE547D008C7A12 /* Project object */;
			proxyType = 1;
			remoteGlobalIDString = 3F5457862EAE547E008C7A12;
			remoteInfo = "99Bottles iOS 26";
		};
/* End PBXContainerItemProxy section */

/* Begin PBXCopyFilesBuildPhase section */
		3F44377C2EAEA8DD00B51810 /* CopyFiles */ = {
			isa = PBXCopyFilesBuildPhase;
			buildActionMask = 2147483647;
			dstPath = Bottles;
			dstSubfolderSpec = 7;
			files = (
			);
			runOnlyForDeploymentPostprocessing = 0;
		};
		3F56A7512EB29EE600190A99 /* CopyFiles */ = {
			isa = PBXCopyFilesBuildPhase;
			buildActionMask = 2147483647;
			dstPath = Sounds;
			dstSubfolderSpec = 7;
			files = (
			);
			runOnlyForDeploymentPostprocessing = 0;
		};
/* End PBXCopyFilesBuildPhase section */

/* Begin PBXFileReference section */
		3F44388A2EAEAC1F00B51810 /* 99Bottles iOS 26.xctestplan */ = {isa = PBXFileReference; lastKnownFileType = text; path = "99Bottles iOS 26.xctestplan"; sourceTree = "<group>"; };
		3F5457872EAE547E008C7A12 /* 99Bottles iOS 26.app */ = {isa = PBXFileReference; explicitFileType = wrapper.application; includeInIndex = 0; path = "99Bottles iOS 26.app"; sourceTree = BUILT_PRODUCTS_DIR; };
		3F5458C32EAE6A40008C7A12 /* 99BottlesTests.xctest */ = {isa = PBXFileReference; explicitFileType = wrapper.cfbundle; includeInIndex = 0; path = 99BottlesTests.xctest; sourceTree = BUILT_PRODUCTS_DIR; };
/* End PBXFileReference section */

/* Begin PBXFileSystemSynchronizedBuildFileExceptionSet section */
		3F5457992EAE547F008C7A12 /* Exceptions for "99Bottles iOS 26" folder in "99Bottles iOS 26" target */ = {
			isa = PBXFileSystemSynchronizedBuildFileExceptionSet;
			membershipExceptions = (
				Info.plist,
				Resources/Bottles/bottle1.png,
				Resources/Bottles/bottle2.png,
				Resources/Bottles/bottle3.png,
				Resources/Bottles/bottle4.png,
				Resources/Bottles/bottle5.png,
				Resources/Sounds/bottles1.aif,
				Resources/Sounds/bottles2.aif,
				Resources/Sounds/bottles3.aif,
				Resources/Sounds/eight1.aif,
				Resources/Sounds/eight2.aif,
				Resources/Sounds/eight3.aif,
				Resources/Sounds/eighteen1.aif,
				Resources/Sounds/eighteen2.aif,
				Resources/Sounds/eighteen3.aif,
				Resources/Sounds/eighty1.aif,
				Resources/Sounds/eighty2.aif,
				Resources/Sounds/eighty3.aif,
				Resources/Sounds/eleven1.aif,
				Resources/Sounds/eleven2.aif,
				Resources/Sounds/eleven3.aif,
				Resources/Sounds/fifteen1.aif,
				Resources/Sounds/fifteen2.aif,
				Resources/Sounds/fifteen3.aif,
				Resources/Sounds/fifty1.aif,
				Resources/Sounds/fifty2.aif,
				Resources/Sounds/fifty3.aif,
				Resources/Sounds/five1.aif,
				Resources/Sounds/five2.aif,
				Resources/Sounds/five3.aif,
				Resources/Sounds/forty1.aif,
				Resources/Sounds/forty2.aif,
				Resources/Sounds/forty3.aif,
				Resources/Sounds/four1.aif,
				Resources/Sounds/four2.aif,
				Resources/Sounds/four3.aif,
				Resources/Sounds/fourteen1.aif,
				Resources/Sounds/fourteen2.aif,
				Resources/Sounds/fourteen3.aif,
				Resources/Sounds/nine1.aif,
				Resources/Sounds/nine2.aif,
				Resources/Sounds/nine3.aif,
				Resources/Sounds/nineteen1.aif,
				Resources/Sounds/nineteen2.aif,
				Resources/Sounds/nineteen3.aif,
				Resources/Sounds/ninety1.aif,
				Resources/Sounds/ninety2.aif,
				Resources/Sounds/ninety3.aif,
				Resources/Sounds/one1.aif,
				Resources/Sounds/one2.aif,
				Resources/Sounds/one3.aif,
				Resources/Sounds/onefinal1.aif,
				Resources/Sounds/onefinal2.aif,
				Resources/Sounds/onefinal3.aif,
				Resources/Sounds/onefinal4.aif,
				Resources/Sounds/seven1.aif,
				Resources/Sounds/seven2.aif,
				Resources/Sounds/seven3.aif,
				Resources/Sounds/seventeen1.aif,
				Resources/Sounds/seventeen2.aif,
				Resources/Sounds/seventeen3.aif,
				Resources/Sounds/seventy1.aif,
				Resources/Sounds/seventy2.aif,
				Resources/Sounds/seventy3.aif,
				Resources/Sounds/six1.aif,
				Resources/Sounds/six2.aif,
				Resources/Sounds/six3.aif,
				Resources/Sounds/sixteen1.aif,
				Resources/Sounds/sixteen2.aif,
				Resources/Sounds/sixteen3.aif,
				Resources/Sounds/sixty1.aif,
				Resources/Sounds/sixty2.aif,
				Resources/Sounds/sixty3.aif,
				Resources/Sounds/take.aif,
				Resources/Sounds/ten1.aif,
				Resources/Sounds/ten2.aif,
				Resources/Sounds/ten3.aif,
				Resources/Sounds/thirteen1.aif,
				Resources/Sounds/thirteen2.aif,
				Resources/Sounds/thirteen3.aif,
				Resources/Sounds/thirty1.aif,
				Resources/Sounds/thirty2.aif,
				Resources/Sounds/thirty3.aif,
				Resources/Sounds/three1.aif,
				Resources/Sounds/three2.aif,
				Resources/Sounds/three3.aif,
				Resources/Sounds/twelve1.aif,
				Resources/Sounds/twelve2.aif,
				Resources/Sounds/twelve3.aif,
				Resources/Sounds/twenty1.aif,
				Resources/Sounds/twenty2.aif,
				Resources/Sounds/twenty3.aif,
				Resources/Sounds/two1.aif,
				Resources/Sounds/two2.aif,
				Resources/Sounds/two3.aif,
			);
			target = 3F5457862EAE547E008C7A12 /* 99Bottles iOS 26 */;
		};
/* End PBXFileSystemSynchronizedBuildFileExceptionSet section */

/* Begin PBXFileSystemSynchronizedGroupBuildPhaseMembershipExceptionSet section */
		3F56A7AB2EB29F0B00190A99 /* Exceptions for "99Bottles iOS 26" folder in "Copy Files" phase from "99Bottles iOS 26" target */ = {
			isa = PBXFileSystemSynchronizedGroupBuildPhaseMembershipExceptionSet;
			buildPhase = 3F56A7512EB29EE600190A99 /* CopyFiles */;
			membershipExceptions = (
				Resources/Sounds/bottles1.aif,
				Resources/Sounds/bottles2.aif,
				Resources/Sounds/bottles3.aif,
				Resources/Sounds/eight1.aif,
				Resources/Sounds/eight2.aif,
				Resources/Sounds/eight3.aif,
				Resources/Sounds/eighteen1.aif,
				Resources/Sounds/eighteen2.aif,
				Resources/Sounds/eighteen3.aif,
				Resources/Sounds/eighty1.aif,
				Resources/Sounds/eighty2.aif,
				Resources/Sounds/eighty3.aif,
				Resources/Sounds/eleven1.aif,
				Resources/Sounds/eleven2.aif,
				Resources/Sounds/eleven3.aif,
				Resources/Sounds/fifteen1.aif,
				Resources/Sounds/fifteen2.aif,
				Resources/Sounds/fifteen3.aif,
				Resources/Sounds/fifty1.aif,
				Resources/Sounds/fifty2.aif,
				Resources/Sounds/fifty3.aif,
				Resources/Sounds/five1.aif,
				Resources/Sounds/five2.aif,
				Resources/Sounds/five3.aif,
				Resources/Sounds/forty1.aif,
				Resources/Sounds/forty2.aif,
				Resources/Sounds/forty3.aif,
				Resources/Sounds/four1.aif,
				Resources/Sounds/four2.aif,
				Resources/Sounds/four3.aif,
				Resources/Sounds/fourteen1.aif,
				Resources/Sounds/fourteen2.aif,
				Resources/Sounds/fourteen3.aif,
				Resources/Sounds/nine1.aif,
				Resources/Sounds/nine2.aif,
				Resources/Sounds/nine3.aif,
				Resources/Sounds/nineteen1.aif,
				Resources/Sounds/nineteen2.aif,
				Resources/Sounds/nineteen3.aif,
				Resources/Sounds/ninety1.aif,
				Resources/Sounds/ninety2.aif,
				Resources/Sounds/ninety3.aif,
				Resources/Sounds/one1.aif,
				Resources/Sounds/one2.aif,
				Resources/Sounds/one3.aif,
				Resources/Sounds/onefinal1.aif,
				Resources/Sounds/onefinal2.aif,
				Resources/Sounds/onefinal3.aif,
				Resources/Sounds/onefinal4.aif,
				Resources/Sounds/seven1.aif,
				Resources/Sounds/seven2.aif,
				Resources/Sounds/seven3.aif,
				Resources/Sounds/seventeen1.aif,
				Resources/Sounds/seventeen2.aif,
				Resources/Sounds/seventeen3.aif,
				Resources/Sounds/seventy1.aif,
				Resources/Sounds/seventy2.aif,
				Resources/Sounds/seventy3.aif,
				Resources/Sounds/six1.aif,
				Resources/Sounds/six2.aif,
				Resources/Sounds/six3.aif,
				Resources/Sounds/sixteen1.aif,
				Resources/Sounds/sixteen2.aif,
				Resources/Sounds/sixteen3.aif,
				Resources/Sounds/sixty1.aif,
				Resources/Sounds/sixty2.aif,
				Resources/Sounds/sixty3.aif,
				Resources/Sounds/take.aif,
				Resources/Sounds/ten1.aif,
				Resources/Sounds/ten2.aif,
				Resources/Sounds/ten3.aif,
				Resources/Sounds/thirteen1.aif,
				Resources/Sounds/thirteen2.aif,
				Resources/Sounds/thirteen3.aif,
				Resources/Sounds/thirty1.aif,
				Resources/Sounds/thirty2.aif,
				Resources/Sounds/thirty3.aif,
				Resources/Sounds/three1.aif,
				Resources/Sounds/three2.aif,
				Resources/Sounds/three3.aif,
				Resources/Sounds/twelve1.aif,
				Resources/Sounds/twelve2.aif,
				Resources/Sounds/twelve3.aif,
				Resources/Sounds/twenty1.aif,
				Resources/Sounds/twenty2.aif,
				Resources/Sounds/twenty3.aif,
				Resources/Sounds/two1.aif,
				Resources/Sounds/two2.aif,
				Resources/Sounds/two3.aif,
			);
		};
		3FF29DE72EAFA4ED00522B23 /* Exceptions for "99Bottles iOS 26" folder in "Copy Files" phase from "99Bottles iOS 26" target */ = {
			isa = PBXFileSystemSynchronizedGroupBuildPhaseMembershipExceptionSet;
			buildPhase = 3F44377C2EAEA8DD00B51810 /* CopyFiles */;
			membershipExceptions = (
				Resources/Bottles/bottle1.png,
				Resources/Bottles/bottle2.png,
				Resources/Bottles/bottle3.png,
				Resources/Bottles/bottle4.png,
				Resources/Bottles/bottle5.png,
			);
		};
/* End PBXFileSystemSynchronizedGroupBuildPhaseMembershipExceptionSet section */

/* Begin PBXFileSystemSynchronizedRootGroup section */
		3F5457892EAE547E008C7A12 /* 99Bottles iOS 26 */ = {
			isa = PBXFileSystemSynchronizedRootGroup;
			exceptions = (
				3F5457992EAE547F008C7A12 /* Exceptions for "99Bottles iOS 26" folder in "99Bottles iOS 26" target */,
				3FF29DE72EAFA4ED00522B23 /* Exceptions for "99Bottles iOS 26" folder in "Copy Files" phase from "99Bottles iOS 26" target */,
				3F56A7AB2EB29F0B00190A99 /* Exceptions for "99Bottles iOS 26" folder in "Copy Files" phase from "99Bottles iOS 26" target */,
			);
			path = "99Bottles iOS 26";
			sourceTree = "<group>";
		};
		3F5458C42EAE6A40008C7A12 /* 99BottlesTests */ = {
			isa = PBXFileSystemSynchronizedRootGroup;
			path = 99BottlesTests;
			sourceTree = "<group>";
		};
/* End PBXFileSystemSynchronizedRootGroup section */

/* Begin PBXFrameworksBuildPhase section */
		3F5457842EAE547E008C7A12 /* Frameworks */ = {
			isa = PBXFrameworksBuildPhase;
			buildActionMask = 2147483647;
			files = (
			);
			runOnlyForDeploymentPostprocessing = 0;
		};
		3F5458C02EAE6A40008C7A12 /* Frameworks */ = {
			isa = PBXFrameworksBuildPhase;
			buildActionMask = 2147483647;
			files = (
				3FF29DEF2EAFB64A00522B23 /* SnapshotTesting in Frameworks */,
				3FF29F0D2EAFC5D800522B23 /* WaitWhile in Frameworks */,
			);
			runOnlyForDeploymentPostprocessing = 0;
		};
/* End PBXFrameworksBuildPhase section */

/* Begin PBXGroup section */
		3F54577E2EAE547D008C7A12 = {
			isa = PBXGroup;
			children = (
				3F44388A2EAEAC1F00B51810 /* 99Bottles iOS 26.xctestplan */,
				3F5457892EAE547E008C7A12 /* 99Bottles iOS 26 */,
				3F5458C42EAE6A40008C7A12 /* 99BottlesTests */,
				3F5457882EAE547E008C7A12 /* Products */,
			);
			sourceTree = "<group>";
		};
		3F5457882EAE547E008C7A12 /* Products */ = {
			isa = PBXGroup;
			children = (
				3F5457872EAE547E008C7A12 /* 99Bottles iOS 26.app */,
				3F5458C32EAE6A40008C7A12 /* 99BottlesTests.xctest */,
			);
			name = Products;
			sourceTree = "<group>";
		};
/* End PBXGroup section */

/* Begin PBXNativeTarget section */
		3F5457862EAE547E008C7A12 /* 99Bottles iOS 26 */ = {
			isa = PBXNativeTarget;
			buildConfigurationList = 3F54579A2EAE547F008C7A12 /* Build configuration list for PBXNativeTarget "99Bottles iOS 26" */;
			buildPhases = (
				3F5457832EAE547E008C7A12 /* Sources */,
				3F5457842EAE547E008C7A12 /* Frameworks */,
				3F5457852EAE547E008C7A12 /* Resources */,
				3F44377C2EAEA8DD00B51810 /* CopyFiles */,
				3F56A7512EB29EE600190A99 /* CopyFiles */,
			);
			buildRules = (
			);
			dependencies = (
			);
			fileSystemSynchronizedGroups = (
				3F5457892EAE547E008C7A12 /* 99Bottles iOS 26 */,
			);
			name = "99Bottles iOS 26";
			packageProductDependencies = (
			);
			productName = "99Bottles iOS 26";
			productReference = 3F5457872EAE547E008C7A12 /* 99Bottles iOS 26.app */;
			productType = "com.apple.product-type.application";
		};
		3F5458C22EAE6A40008C7A12 /* 99BottlesTests */ = {
			isa = PBXNativeTarget;
			buildConfigurationList = 3F5458C92EAE6A40008C7A12 /* Build configuration list for PBXNativeTarget "99BottlesTests" */;
			buildPhases = (
				3F5458BF2EAE6A40008C7A12 /* Sources */,
				3F5458C02EAE6A40008C7A12 /* Frameworks */,
				3F5458C12EAE6A40008C7A12 /* Resources */,
			);
			buildRules = (
			);
			dependencies = (
				3F5458C82EAE6A40008C7A12 /* PBXTargetDependency */,
			);
			fileSystemSynchronizedGroups = (
				3F5458C42EAE6A40008C7A12 /* 99BottlesTests */,
			);
			name = 99BottlesTests;
			packageProductDependencies = (
				3FF29DEE2EAFB64A00522B23 /* SnapshotTesting */,
				3FF29F0C2EAFC5D800522B23 /* WaitWhile */,
			);
			productName = 99BottlesTests;
			productReference = 3F5458C32EAE6A40008C7A12 /* 99BottlesTests.xctest */;
			productType = "com.apple.product-type.bundle.unit-test";
		};
/* End PBXNativeTarget section */

/* Begin PBXProject section */
		3F54577F2EAE547D008C7A12 /* Project object */ = {
			isa = PBXProject;
			attributes = {
				BuildIndependentTargetsInParallel = 1;
				LastSwiftUpdateCheck = 2600;
				LastUpgradeCheck = 2600;
				TargetAttributes = {
					3F5457862EAE547E008C7A12 = {
						CreatedOnToolsVersion = 26.0.1;
					};
					3F5458C22EAE6A40008C7A12 = {
						CreatedOnToolsVersion = 26.0.1;
						LastSwiftMigration = 2600;
						TestTargetID = 3F5457862EAE547E008C7A12;
					};
				};
			};
			buildConfigurationList = 3F5457822EAE547D008C7A12 /* Build configuration list for PBXProject "99Bottles iOS 26" */;
			developmentRegion = en;
			hasScannedForEncodings = 0;
			knownRegions = (
				en,
				Base,
			);
			mainGroup = 3F54577E2EAE547D008C7A12;
			minimizedProjectReferenceProxies = 1;
			packageReferences = (
				3FF29DED2EAFB64A00522B23 /* XCRemoteSwiftPackageReference "swift-snapshot-testing" */,
				3FF29F0B2EAFC5D800522B23 /* XCRemoteSwiftPackageReference "WaitWhile" */,
			);
			preferredProjectObjectVersion = 77;
			productRefGroup = 3F5457882EAE547E008C7A12 /* Products */;
			projectDirPath = "";
			projectRoot = "";
			targets = (
				3F5457862EAE547E008C7A12 /* 99Bottles iOS 26 */,
				3F5458C22EAE6A40008C7A12 /* 99BottlesTests */,
			);
		};
/* End PBXProject section */

/* Begin PBXResourcesBuildPhase section */
		3F5457852EAE547E008C7A12 /* Resources */ = {
			isa = PBXResourcesBuildPhase;
			buildActionMask = 2147483647;
			files = (
			);
			runOnlyForDeploymentPostprocessing = 0;
		};
		3F5458C12EAE6A40008C7A12 /* Resources */ = {
			isa = PBXResourcesBuildPhase;
			buildActionMask = 2147483647;
			files = (
			);
			runOnlyForDeploymentPostprocessing = 0;
		};
/* End PBXResourcesBuildPhase section */

/* Begin PBXSourcesBuildPhase section */
		3F5457832EAE547E008C7A12 /* Sources */ = {
			isa = PBXSourcesBuildPhase;
			buildActionMask = 2147483647;
			files = (
			);
			runOnlyForDeploymentPostprocessing = 0;
		};
		3F5458BF2EAE6A40008C7A12 /* Sources */ = {
			isa = PBXSourcesBuildPhase;
			buildActionMask = 2147483647;
			files = (
			);
			runOnlyForDeploymentPostprocessing = 0;
		};
/* End PBXSourcesBuildPhase section */

/* Begin PBXTargetDependency section */
		3F5458C82EAE6A40008C7A12 /* PBXTargetDependency */ = {
			isa = PBXTargetDependency;
			target = 3F5457862EAE547E008C7A12 /* 99Bottles iOS 26 */;
			targetProxy = 3F5458C72EAE6A40008C7A12 /* PBXContainerItemProxy */;
		};
/* End PBXTargetDependency section */

/* Begin XCBuildConfiguration section */
		3F54579B2EAE547F008C7A12 /* Debug */ = {
			isa = XCBuildConfiguration;
			buildSettings = {
				ASSETCATALOG_COMPILER_APPICON_NAME = AppIcon;
				ASSETCATALOG_COMPILER_GLOBAL_ACCENT_COLOR_NAME = AccentColor;
				CODE_SIGN_STYLE = Automatic;
				CURRENT_PROJECT_VERSION = 1;
				DEVELOPMENT_TEAM = W3LHX5RGV2;
				GENERATE_INFOPLIST_FILE = YES;
				INFOPLIST_FILE = "99Bottles iOS 26/Info.plist";
				INFOPLIST_KEY_CFBundleDisplayName = 99Bottles;
				INFOPLIST_KEY_ITSAppUsesNonExemptEncryption = NO;
				INFOPLIST_KEY_UIApplicationSupportsIndirectInputEvents = YES;
				INFOPLIST_KEY_UILaunchStoryboardName = LaunchScreen;
				INFOPLIST_KEY_UIStatusBarHidden = YES;
				INFOPLIST_KEY_UISupportedInterfaceOrientations = UIInterfaceOrientationPortrait;
				INFOPLIST_KEY_UISupportedInterfaceOrientations_iPad = "UIInterfaceOrientationLandscapeLeft UIInterfaceOrientationLandscapeRight UIInterfaceOrientationPortrait UIInterfaceOrientationPortraitUpsideDown";
				LD_RUNPATH_SEARCH_PATHS = (
					"$(inherited)",
					"@executable_path/Frameworks",
				);
				MARKETING_VERSION = 2;
				PRODUCT_BUNDLE_IDENTIFIER = com.neuburg.matt.99bottles;
				PRODUCT_MODULE_NAME = Bottles;
				PRODUCT_NAME = "$(TARGET_NAME)";
				STRING_CATALOG_GENERATE_SYMBOLS = YES;
				SWIFT_APPROACHABLE_CONCURRENCY = YES;
				SWIFT_DEFAULT_ACTOR_ISOLATION = MainActor;
				SWIFT_EMIT_LOC_STRINGS = YES;
				SWIFT_UPCOMING_FEATURE_MEMBER_IMPORT_VISIBILITY = YES;
				SWIFT_VERSION = 6.0;
				TARGETED_DEVICE_FAMILY = 1;
			};
			name = Debug;
		};
		3F54579C2EAE547F008C7A12 /* Release */ = {
			isa = XCBuildConfiguration;
			buildSettings = {
				ASSETCATALOG_COMPILER_APPICON_NAME = AppIcon;
				ASSETCATALOG_COMPILER_GLOBAL_ACCENT_COLOR_NAME = AccentColor;
				CODE_SIGN_STYLE = Automatic;
				CURRENT_PROJECT_VERSION = 1;
				DEVELOPMENT_TEAM = W3LHX5RGV2;
				GENERATE_INFOPLIST_FILE = YES;
				INFOPLIST_FILE = "99Bottles iOS 26/Info.plist";
				INFOPLIST_KEY_CFBundleDisplayName = 99Bottles;
				INFOPLIST_KEY_ITSAppUsesNonExemptEncryption = NO;
				INFOPLIST_KEY_UIApplicationSupportsIndirectInputEvents = YES;
				INFOPLIST_KEY_UILaunchStoryboardName = LaunchScreen;
				INFOPLIST_KEY_UIStatusBarHidden = YES;
				INFOPLIST_KEY_UISupportedInterfaceOrientations = UIInterfaceOrientationPortrait;
				INFOPLIST_KEY_UISupportedInterfaceOrientations_iPad = "UIInterfaceOrientationLandscapeLeft UIInterfaceOrientationLandscapeRight UIInterfaceOrientationPortrait UIInterfaceOrientationPortraitUpsideDown";
				LD_RUNPATH_SEARCH_PATHS = (
					"$(inherited)",
					"@executable_path/Frameworks",
				);
				MARKETING_VERSION = 2;
				PRODUCT_BUNDLE_IDENTIFIER = com.neuburg.matt.99bottles;
				PRODUCT_MODULE_NAME = Bottles;
				PRODUCT_NAME = "$(TARGET_NAME)";
				STRING_CATALOG_GENERATE_SYMBOLS = YES;
				SWIFT_APPROACHABLE_CONCURRENCY = YES;
				SWIFT_DEFAULT_ACTOR_ISOLATION = MainActor;
				SWIFT_EMIT_LOC_STRINGS = YES;
				SWIFT_UPCOMING_FEATURE_MEMBER_IMPORT_VISIBILITY = YES;
				SWIFT_VERSION = 6.0;
				TARGETED_DEVICE_FAMILY = 1;
			};
			name = Release;
		};
		3F54579D2EAE547F008C7A12 /* Debug */ = {
			isa = XCBuildConfiguration;
			buildSettings = {
				ALWAYS_SEARCH_USER_PATHS = NO;
				ASSETCATALOG_COMPILER_GENERATE_SWIFT_ASSET_SYMBOL_EXTENSIONS = YES;
				CLANG_ANALYZER_NONNULL = YES;
				CLANG_ANALYZER_NUMBER_OBJECT_CONVERSION = YES_AGGRESSIVE;
				CLANG_CXX_LANGUAGE_STANDARD = "gnu++20";
				CLANG_ENABLE_MODULES = YES;
				CLANG_ENABLE_OBJC_ARC = YES;
				CLANG_ENABLE_OBJC_WEAK = YES;
				CLANG_WARN_BLOCK_CAPTURE_AUTORELEASING = YES;
				CLANG_WARN_BOOL_CONVERSION = YES;
				CLANG_WARN_COMMA = YES;
				CLANG_WARN_CONSTANT_CONVERSION = YES;
				CLANG_WARN_DEPRECATED_OBJC_IMPLEMENTATIONS = YES;
				CLANG_WARN_DIRECT_OBJC_ISA_USAGE = YES_ERROR;
				CLANG_WARN_DOCUMENTATION_COMMENTS = YES;
				CLANG_WARN_EMPTY_BODY = YES;
				CLANG_WARN_ENUM_CONVERSION = YES;
				CLANG_WARN_INFINITE_RECURSION = YES;
				CLANG_WARN_INT_CONVERSION = YES;
				CLANG_WARN_NON_LITERAL_NULL_CONVERSION = YES;
				CLANG_WARN_OBJC_IMPLICIT_RETAIN_SELF = YES;
				CLANG_WARN_OBJC_LITERAL_CONVERSION = YES;
				CLANG_WARN_OBJC_ROOT_CLASS = YES_ERROR;
				CLANG_WARN_QUOTED_INCLUDE_IN_FRAMEWORK_HEADER = YES;
				CLANG_WARN_RANGE_LOOP_ANALYSIS = YES;
				CLANG_WARN_STRICT_PROTOTYPES = YES;
				CLANG_WARN_SUSPICIOUS_MOVE = YES;
				CLANG_WARN_UNGUARDED_AVAILABILITY = YES_AGGRESSIVE;
				CLANG_WARN_UNREACHABLE_CODE = YES;
				CLANG_WARN__DUPLICATE_METHOD_MATCH = YES;
				COPY_PHASE_STRIP = NO;
				DEBUG_INFORMATION_FORMAT = dwarf;
				DEVELOPMENT_TEAM = W3LHX5RGV2;
				ENABLE_STRICT_OBJC_MSGSEND = YES;
				ENABLE_TESTABILITY = YES;
				ENABLE_USER_SCRIPT_SANDBOXING = YES;
				GCC_C_LANGUAGE_STANDARD = gnu17;
				GCC_DYNAMIC_NO_PIC = NO;
				GCC_NO_COMMON_BLOCKS = YES;
				GCC_OPTIMIZATION_LEVEL = 0;
				GCC_PREPROCESSOR_DEFINITIONS = (
					"DEBUG=1",
					"$(inherited)",
				);
				GCC_WARN_64_TO_32_BIT_CONVERSION = YES;
				GCC_WARN_ABOUT_RETURN_TYPE = YES_ERROR;
				GCC_WARN_UNDECLARED_SELECTOR = YES;
				GCC_WARN_UNINITIALIZED_AUTOS = YES_AGGRESSIVE;
				GCC_WARN_UNUSED_FUNCTION = YES;
				GCC_WARN_UNUSED_VARIABLE = YES;
				IPHONEOS_DEPLOYMENT_TARGET = 26.0;
				LOCALIZATION_PREFERS_STRING_CATALOGS = YES;
				MTL_ENABLE_DEBUG_INFO = INCLUDE_SOURCE;
				MTL_FAST_MATH = YES;
				ONLY_ACTIVE_ARCH = YES;
				SDKROOT = iphoneos;
				SWIFT_ACTIVE_COMPILATION_CONDITIONS = "DEBUG $(inherited)";
				SWIFT_OPTIMIZATION_LEVEL = "-Onone";
			};
			name = Debug;
		};
		3F54579E2EAE547F008C7A12 /* Release */ = {
			isa = XCBuildConfiguration;
			buildSettings = {
				ALWAYS_SEARCH_USER_PATHS = NO;
				ASSETCATALOG_COMPILER_GENERATE_SWIFT_ASSET_SYMBOL_EXTENSIONS = YES;
				CLANG_ANALYZER_NONNULL = YES;
				CLANG_ANALYZER_NUMBER_OBJECT_CONVERSION = YES_AGGRESSIVE;
				CLANG_CXX_LANGUAGE_STANDARD = "gnu++20";
				CLANG_ENABLE_MODULES = YES;
				CLANG_ENABLE_OBJC_ARC = YES;
				CLANG_ENABLE_OBJC_WEAK = YES;
				CLANG_WARN_BLOCK_CAPTURE_AUTORELEASING = YES;
				CLANG_WARN_BOOL_CONVERSION = YES;
				CLANG_WARN_COMMA = YES;
				CLANG_WARN_CONSTANT_CONVERSION = YES;
				CLANG_WARN_DEPRECATED_OBJC_IMPLEMENTATIONS = YES;
				CLANG_WARN_DIRECT_OBJC_ISA_USAGE = YES_ERROR;
				CLANG_WARN_DOCUMENTATION_COMMENTS = YES;
				CLANG_WARN_EMPTY_BODY = YES;
				CLANG_WARN_ENUM_CONVERSION = YES;
				CLANG_WARN_INFINITE_RECURSION = YES;
				CLANG_WARN_INT_CONVERSION = YES;
				CLANG_WARN_NON_LITERAL_NULL_CONVERSION = YES;
				CLANG_WARN_OBJC_IMPLICIT_RETAIN_SELF = YES;
				CLANG_WARN_OBJC_LITERAL_CONVERSION = YES;
				CLANG_WARN_OBJC_ROOT_CLASS = YES_ERROR;
				CLANG_WARN_QUOTED_INCLUDE_IN_FRAMEWORK_HEADER = YES;
				CLANG_WARN_RANGE_LOOP_ANALYSIS = YES;
				CLANG_WARN_STRICT_PROTOTYPES = YES;
				CLANG_WARN_SUSPICIOUS_MOVE = YES;
				CLANG_WARN_UNGUARDED_AVAILABILITY = YES_AGGRESSIVE;
				CLANG_WARN_UNREACHABLE_CODE = YES;
				CLANG_WARN__DUPLICATE_METHOD_MATCH = YES;
				COPY_PHASE_STRIP = NO;
				DEBUG_INFORMATION_FORMAT = "dwarf-with-dsym";
				DEVELOPMENT_TEAM = W3LHX5RGV2;
				ENABLE_NS_ASSERTIONS = NO;
				ENABLE_STRICT_OBJC_MSGSEND = YES;
				ENABLE_USER_SCRIPT_SANDBOXING = YES;
				GCC_C_LANGUAGE_STANDARD = gnu17;
				GCC_NO_COMMON_BLOCKS = YES;
				GCC_WARN_64_TO_32_BIT_CONVERSION = YES;
				GCC_WARN_ABOUT_RETURN_TYPE = YES_ERROR;
				GCC_WARN_UNDECLARED_SELECTOR = YES;
				GCC_WARN_UNINITIALIZED_AUTOS = YES_AGGRESSIVE;
				GCC_WARN_UNUSED_FUNCTION = YES;
				GCC_WARN_UNUSED_VARIABLE = YES;
				IPHONEOS_DEPLOYMENT_TARGET = 26.0;
				LOCALIZATION_PREFERS_STRING_CATALOGS = YES;
				MTL_ENABLE_DEBUG_INFO = NO;
				MTL_FAST_MATH = YES;
				SDKROOT = iphoneos;
				SWIFT_COMPILATION_MODE = wholemodule;
				VALIDATE_PRODUCT = YES;
			};
			name = Release;
		};
		3F5458CA2EAE6A40008C7A12 /* Debug */ = {
			isa = XCBuildConfiguration;
			buildSettings = {
				BUNDLE_LOADER = "$(TEST_HOST)";
				CLANG_ENABLE_MODULES = YES;
				CODE_SIGN_STYLE = Automatic;
				CURRENT_PROJECT_VERSION = 1;
				DEVELOPMENT_TEAM = W3LHX5RGV2;
				GENERATE_INFOPLIST_FILE = YES;
				MARKETING_VERSION = 1.0;
				PRODUCT_BUNDLE_IDENTIFIER = "com.neuburg.matt.-9BottlesTests";
				PRODUCT_NAME = "$(TARGET_NAME)";
				STRING_CATALOG_GENERATE_SYMBOLS = NO;
				SWIFT_APPROACHABLE_CONCURRENCY = YES;
				SWIFT_DEFAULT_ACTOR_ISOLATION = MainActor;
				SWIFT_EMIT_LOC_STRINGS = NO;
				SWIFT_OPTIMIZATION_LEVEL = "-Onone";
				SWIFT_UPCOMING_FEATURE_MEMBER_IMPORT_VISIBILITY = YES;
				SWIFT_VERSION = 6.0;
				TARGETED_DEVICE_FAMILY = "1,2";
				TEST_HOST = "$(BUILT_PRODUCTS_DIR)/99Bottles iOS 26.app/$(BUNDLE_EXECUTABLE_FOLDER_PATH)/99Bottles iOS 26";
			};
			name = Debug;
		};
		3F5458CB2EAE6A40008C7A12 /* Release */ = {
			isa = XCBuildConfiguration;
			buildSettings = {
				BUNDLE_LOADER = "$(TEST_HOST)";
				CLANG_ENABLE_MODULES = YES;
				CODE_SIGN_STYLE = Automatic;
				CURRENT_PROJECT_VERSION = 1;
				DEVELOPMENT_TEAM = W3LHX5RGV2;
				GENERATE_INFOPLIST_FILE = YES;
				MARKETING_VERSION = 1.0;
				PRODUCT_BUNDLE_IDENTIFIER = "com.neuburg.matt.-9BottlesTests";
				PRODUCT_NAME = "$(TARGET_NAME)";
				STRING_CATALOG_GENERATE_SYMBOLS = NO;
				SWIFT_APPROACHABLE_CONCURRENCY = YES;
				SWIFT_DEFAULT_ACTOR_ISOLATION = MainActor;
				SWIFT_EMIT_LOC_STRINGS = NO;
				SWIFT_UPCOMING_FEATURE_MEMBER_IMPORT_VISIBILITY = YES;
				SWIFT_VERSION = 6.0;
				TARGETED_DEVICE_FAMILY = "1,2";
				TEST_HOST = "$(BUILT_PRODUCTS_DIR)/99Bottles iOS 26.app/$(BUNDLE_EXECUTABLE_FOLDER_PATH)/99Bottles iOS 26";
			};
			name = Release;
		};
/* End XCBuildConfiguration section */

/* Begin XCConfigurationList section */
		3F5457822EAE547D008C7A12 /* Build configuration list for PBXProject "99Bottles iOS 26" */ = {
			isa = XCConfigurationList;
			buildConfigurations = (
				3F54579D2EAE547F008C7A12 /* Debug */,
				3F54579E2EAE547F008C7A12 /* Release */,
			);
			defaultConfigurationIsVisible = 0;
			defaultConfigurationName = Release;
		};
		3F54579A2EAE547F008C7A12 /* Build configuration list for PBXNativeTarget "99Bottles iOS 26" */ = {
			isa = XCConfigurationList;
			buildConfigurations = (
				3F54579B2EAE547F008C7A12 /* Debug */,
				3F54579C2EAE547F008C7A12 /* Release */,
			);
			defaultConfigurationIsVisible = 0;
			defaultConfigurationName = Release;
		};
		3F5458C92EAE6A40008C7A12 /* Build configuration list for PBXNativeTarget "99BottlesTests" */ = {
			isa = XCConfigurationList;
			buildConfigurations = (
				3F5458CA2EAE6A40008C7A12 /* Debug */,
				3F5458CB2EAE6A40008C7A12 /* Release */,
			);
			defaultConfigurationIsVisible = 0;
			defaultConfigurationName = Release;
		};
/* End XCConfigurationList section */

/* Begin XCRemoteSwiftPackageReference section */
		3FF29DED2EAFB64A00522B23 /* XCRemoteSwiftPackageReference "swift-snapshot-testing" */ = {
			isa = XCRemoteSwiftPackageReference;
			repositoryURL = "https://github.com/pointfreeco/swift-snapshot-testing";
			requirement = {
				kind = upToNextMajorVersion;
				minimumVersion = 1.18.7;
			};
		};
		3FF29F0B2EAFC5D800522B23 /* XCRemoteSwiftPackageReference "WaitWhile" */ = {
			isa = XCRemoteSwiftPackageReference;
			repositoryURL = "https://github.com/mattneub/WaitWhile";
			requirement = {
				branch = main;
				kind = branch;
			};
		};
/* End XCRemoteSwiftPackageReference section */

/* Begin XCSwiftPackageProductDependency section */
		3FF29DEE2EAFB64A00522B23 /* SnapshotTesting */ = {
			isa = XCSwiftPackageProductDependency;
			package = 3FF29DED2EAFB64A00522B23 /* XCRemoteSwiftPackageReference "swift-snapshot-testing" */;
			productName = SnapshotTesting;
		};
		3FF29F0C2EAFC5D800522B23 /* WaitWhile */ = {
			isa = XCSwiftPackageProductDependency;
			package = 3FF29F0B2EAFC5D800522B23 /* XCRemoteSwiftPackageReference "WaitWhile" */;
			productName = WaitWhile;
		};
/* End XCSwiftPackageProductDependency section */
	};
	rootObject = 3F54577F2EAE547D008C7A12 /* Project object */;
}
